// !$*UTF8*$!
{
	archiveVersion = 1;
	classes = {
	};
	objectVersion = 46;
	objects = {

/* Begin PBXBuildFile section */
		FAAADEC81CA9C88B00124AAE /* DroneSynth.cpp in Sources */ = {isa = PBXBuildFile; fileRef = FAAADEBE1CA9C88B00124AAE /* DroneSynth.cpp */; };
		FAAADEC91CA9C88B00124AAE /* DroneSynthPluginInterface.cpp in Sources */ = {isa = PBXBuildFile; fileRef = FAAADEC21CA9C88B00124AAE /* DroneSynthPluginInterface.cpp */; };
		FAAADECA1CA9C88B00124AAE /* WavetableOscillator.cpp in Sources */ = {isa = PBXBuildFile; fileRef = FAAADEC41CA9C88B00124AAE /* WavetableOscillator.cpp */; };
		FAAADECB1CA9C88B00124AAE /* WavetableSet.cpp in Sources */ = {isa = PBXBuildFile; fileRef = FAAADEC61CA9C88B00124AAE /* WavetableSet.cpp */; };
/* End PBXBuildFile section */

/* Begin PBXCopyFilesBuildPhase section */
		FAAADEB01CA9C7A800124AAE /* CopyFiles */ = {
			isa = PBXCopyFilesBuildPhase;
			buildActionMask = 2147483647;
			dstPath = "include/$(PRODUCT_NAME)";
			dstSubfolderSpec = 16;
			files = (
			);
			runOnlyForDeploymentPostprocessing = 0;
		};
/* End PBXCopyFilesBuildPhase section */

/* Begin PBXFileReference section */
		FAAADEB21CA9C7A800124AAE /* libDroneSynthNative.a */ = {isa = PBXFileReference; explicitFileType = archive.ar; includeInIndex = 0; path = libDroneSynthNative.a; sourceTree = BUILT_PRODUCTS_DIR; };
		FAAADEBE1CA9C88B00124AAE /* DroneSynth.cpp */ = {isa = PBXFileReference; fileEncoding = 4; lastKnownFileType = sourcecode.cpp.cpp; name = DroneSynth.cpp; path = ../../../VS2015/DroneSynthNative/DroneSynthNative/DroneSynth.cpp; sourceTree = "<group>"; };
		FAAADEBF1CA9C88B00124AAE /* DroneSynth.h */ = {isa = PBXFileReference; fileEncoding = 4; lastKnownFileType = sourcecode.c.h; name = DroneSynth.h; path = ../../../VS2015/DroneSynthNative/DroneSynthNative/DroneSynth.h; sourceTree = "<group>"; };
		FAAADEC21CA9C88B00124AAE /* DroneSynthPluginInterface.cpp */ = {isa = PBXFileReference; fileEncoding = 4; lastKnownFileType = sourcecode.cpp.cpp; name = DroneSynthPluginInterface.cpp; path = ../../../VS2015/DroneSynthNative/DroneSynthNative/DroneSynthPluginInterface.cpp; sourceTree = "<group>"; };
		FAAADEC31CA9C88B00124AAE /* Wavetable.h */ = {isa = PBXFileReference; fileEncoding = 4; lastKnownFileType = sourcecode.c.h; name = Wavetable.h; path = ../../../VS2015/DroneSynthNative/DroneSynthNative/Wavetable.h; sourceTree = "<group>"; };
		FAAADEC41CA9C88B00124AAE /* WavetableOscillator.cpp */ = {isa = PBXFileReference; fileEncoding = 4; lastKnownFileType = sourcecode.cpp.cpp; name = WavetableOscillator.cpp; path = ../../../VS2015/DroneSynthNative/DroneSynthNative/WavetableOscillator.cpp; sourceTree = "<group>"; };
		FAAADEC51CA9C88B00124AAE /* WavetableOscillator.h */ = {isa = PBXFileReference; fileEncoding = 4; lastKnownFileType = sourcecode.c.h; name = WavetableOscillator.h; path = ../../../VS2015/DroneSynthNative/DroneSynthNative/WavetableOscillator.h; sourceTree = "<group>"; };
		FAAADEC61CA9C88B00124AAE /* WavetableSet.cpp */ = {isa = PBXFileReference; fileEncoding = 4; lastKnownFileType = sourcecode.cpp.cpp; name = WavetableSet.cpp; path = ../../../VS2015/DroneSynthNative/DroneSynthNative/WavetableSet.cpp; sourceTree = "<group>"; };
		FAAADEC71CA9C88B00124AAE /* WavetableSet.h */ = {isa = PBXFileReference; fileEncoding = 4; lastKnownFileType = sourcecode.c.h; name = WavetableSet.h; path = ../../../VS2015/DroneSynthNative/DroneSynthNative/WavetableSet.h; sourceTree = "<group>"; };
/* End PBXFileReference section */

/* Begin PBXFrameworksBuildPhase section */
		FAAADEAF1CA9C7A800124AAE /* Frameworks */ = {
			isa = PBXFrameworksBuildPhase;
			buildActionMask = 2147483647;
			files = (
			);
			runOnlyForDeploymentPostprocessing = 0;
		};
/* End PBXFrameworksBuildPhase section */

/* Begin PBXGroup section */
		FAAADEA91CA9C7A800124AAE = {
			isa = PBXGroup;
			children = (
				FAAADEB41CA9C7A800124AAE /* DroneSynthNative */,
				FAAADEB31CA9C7A800124AAE /* Products */,
			);
			sourceTree = "<group>";
		};
		FAAADEB31CA9C7A800124AAE /* Products */ = {
			isa = PBXGroup;
			children = (
				FAAADEB21CA9C7A800124AAE /* libDroneSynthNative.a */,
			);
			name = Products;
			sourceTree = "<group>";
		};
		FAAADEB41CA9C7A800124AAE /* DroneSynthNative */ = {
			isa = PBXGroup;
			children = (
				FAAADEBE1CA9C88B00124AAE /* DroneSynth.cpp */,
				FAAADEBF1CA9C88B00124AAE /* DroneSynth.h */,
				FAAADEC21CA9C88B00124AAE /* DroneSynthPluginInterface.cpp */,
				FAAADEC31CA9C88B00124AAE /* Wavetable.h */,
				FAAADEC41CA9C88B00124AAE /* WavetableOscillator.cpp */,
				FAAADEC51CA9C88B00124AAE /* WavetableOscillator.h */,
				FAAADEC61CA9C88B00124AAE /* WavetableSet.cpp */,
				FAAADEC71CA9C88B00124AAE /* WavetableSet.h */,
			);
			path = DroneSynthNative;
			sourceTree = "<group>";
		};
/* End PBXGroup section */

/* Begin PBXNativeTarget section */
		FAAADEB11CA9C7A800124AAE /* DroneSynthNative */ = {
			isa = PBXNativeTarget;
			buildConfigurationList = FAAADEBB1CA9C7A800124AAE /* Build configuration list for PBXNativeTarget "DroneSynthNative" */;
			buildPhases = (
				FAAADEAE1CA9C7A800124AAE /* Sources */,
				FAAADEAF1CA9C7A800124AAE /* Frameworks */,
				FAAADEB01CA9C7A800124AAE /* CopyFiles */,
			);
			buildRules = (
			);
			dependencies = (
			);
			name = DroneSynthNative;
			productName = DroneSynthNative;
			productReference = FAAADEB21CA9C7A800124AAE /* libDroneSynthNative.a */;
			productType = "com.apple.product-type.library.static";
		};
/* End PBXNativeTarget section */

/* Begin PBXProject section */
		FAAADEAA1CA9C7A800124AAE /* Project object */ = {
			isa = PBXProject;
			attributes = {
				LastUpgradeCheck = 0730;
				ORGANIZATIONNAME = "Derelict Computer";
				TargetAttributes = {
					FAAADEB11CA9C7A800124AAE = {
						CreatedOnToolsVersion = 7.3;
					};
				};
			};
			buildConfigurationList = FAAADEAD1CA9C7A800124AAE /* Build configuration list for PBXProject "DroneSynthNative" */;
			compatibilityVersion = "Xcode 3.2";
			developmentRegion = English;
			hasScannedForEncodings = 0;
			knownRegions = (
				en,
			);
			mainGroup = FAAADEA91CA9C7A800124AAE;
			productRefGroup = FAAADEB31CA9C7A800124AAE /* Products */;
			projectDirPath = "";
			projectRoot = "";
			targets = (
				FAAADEB11CA9C7A800124AAE /* DroneSynthNative */,
			);
		};
/* End PBXProject section */

/* Begin PBXSourcesBuildPhase section */
		FAAADEAE1CA9C7A800124AAE /* Sources */ = {
			isa = PBXSourcesBuildPhase;
			buildActionMask = 2147483647;
			files = (
				FAAADECB1CA9C88B00124AAE /* WavetableSet.cpp in Sources */,
				FAAADEC91CA9C88B00124AAE /* DroneSynthPluginInterface.cpp in Sources */,
				FAAADECA1CA9C88B00124AAE /* WavetableOscillator.cpp in Sources */,
				FAAADEC81CA9C88B00124AAE /* DroneSynth.cpp in Sources */,
			);
			runOnlyForDeploymentPostprocessing = 0;
		};
/* End PBXSourcesBuildPhase section */

/* Begin XCBuildConfiguration section */
		FAAADEB91CA9C7A800124AAE /* Debug */ = {
			isa = XCBuildConfiguration;
			buildSettings = {
				ALWAYS_SEARCH_USER_PATHS = NO;
				CLANG_ANALYZER_NONNULL = YES;
				CLANG_CXX_LANGUAGE_STANDARD = "gnu++0x";
				CLANG_CXX_LIBRARY = "libc++";
				CLANG_ENABLE_MODULES = YES;
				CLANG_ENABLE_OBJC_ARC = YES;
				CLANG_WARN_BOOL_CONVERSION = YES;
				CLANG_WARN_CONSTANT_CONVERSION = YES;
				CLANG_WARN_DIRECT_OBJC_ISA_USAGE = YES_ERROR;
				CLANG_WARN_EMPTY_BODY = YES;
				CLANG_WARN_ENUM_CONVERSION = YES;
				CLANG_WARN_INT_CONVERSION = YES;
				CLANG_WARN_OBJC_ROOT_CLASS = YES_ERROR;
				CLANG_WARN_UNREACHABLE_CODE = YES;
				CLANG_WARN__DUPLICATE_METHOD_MATCH = YES;
				"CODE_SIGN_IDENTITY[sdk=iphoneos*]" = "iPhone Developer";
				COPY_PHASE_STRIP = NO;
				DEBUG_INFORMATION_FORMAT = dwarf;
				ENABLE_STRICT_OBJC_MSGSEND = YES;
				ENABLE_TESTABILITY = YES;
				GCC_C_LANGUAGE_STANDARD = gnu99;
				GCC_DYNAMIC_NO_PIC = NO;
				GCC_NO_COMMON_BLOCKS = YES;
				GCC_OPTIMIZATION_LEVEL = 0;
				GCC_PREPROCESSOR_DEFINITIONS = (
					"DEBUG=1",
					"$(inherited)",
				);
				GCC_WARN_64_TO_32_BIT_CONVERSION = YES;
				GCC_WARN_ABOUT_RETURN_TYPE = YES_ERROR;
				GCC_WARN_UNDECLARED_SELECTOR = YES;
				GCC_WARN_UNINITIALIZED_AUTOS = YES_AGGRESSIVE;
				GCC_WARN_UNUSED_FUNCTION = YES;
				GCC_WARN_UNUSED_VARIABLE = YES;
				IPHONEOS_DEPLOYMENT_TARGET = 9.3;
				MTL_ENABLE_DEBUG_INFO = YES;
				ONLY_ACTIVE_ARCH = YES;
				SDKROOT = iphoneos;
			};
			name = Debug;
		};
		FAAADEBA1CA9C7A800124AAE /* Release */ = {
			isa = XCBuildConfiguration;
			buildSettings = {
				ALWAYS_SEARCH_USER_PATHS = NO;
				CLANG_ANALYZER_NONNULL = YES;
				CLANG_CXX_LANGUAGE_STANDARD = "gnu++0x";
				CLANG_CXX_LIBRARY = "libc++";
				CLANG_ENABLE_MODULES = YES;
				CLANG_ENABLE_OBJC_ARC = YES;
				CLANG_WARN_BOOL_CONVERSION = YES;
				CLANG_WARN_CONSTANT_CONVERSION = YES;
				CLANG_WARN_DIRECT_OBJC_ISA_USAGE = YES_ERROR;
				CLANG_WARN_EMPTY_BODY = YES;
				CLANG_WARN_ENUM_CONVERSION = YES;
				CLANG_WARN_INT_CONVERSION = YES;
				CLANG_WARN_OBJC_ROOT_CLASS = YES_ERROR;
				CLANG_WARN_UNREACHABLE_CODE = YES;
				CLANG_WARN__DUPLICATE_METHOD_MATCH = YES;
				"CODE_SIGN_IDENTITY[sdk=iphoneos*]" = "iPhone Developer";
				COPY_PHASE_STRIP = NO;
				DEBUG_INFORMATION_FORMAT = "dwarf-with-dsym";
				ENABLE_NS_ASSERTIONS = NO;
				ENABLE_STRICT_OBJC_MSGSEND = YES;
				GCC_C_LANGUAGE_STANDARD = gnu99;
				GCC_NO_COMMON_BLOCKS = YES;
				GCC_WARN_64_TO_32_BIT_CONVERSION = YES;
				GCC_WARN_ABOUT_RETURN_TYPE = YES_ERROR;
				GCC_WARN_UNDECLARED_SELECTOR = YES;
				GCC_WARN_UNINITIALIZED_AUTOS = YES_AGGRESSIVE;
				GCC_WARN_UNUSED_FUNCTION = YES;
				GCC_WARN_UNUSED_VARIABLE = YES;
				IPHONEOS_DEPLOYMENT_TARGET = 9.3;
				MTL_ENABLE_DEBUG_INFO = NO;
				SDKROOT = iphoneos;
				VALIDATE_PRODUCT = YES;
			};
			name = Release;
		};
		FAAADEBC1CA9C7A800124AAE /* Debug */ = {
			isa = XCBuildConfiguration;
			buildSettings = {
				OTHER_LDFLAGS = "-ObjC";
				PRODUCT_NAME = "$(TARGET_NAME)";
				SKIP_INSTALL = YES;
			};
			name = Debug;
		};
		FAAADEBD1CA9C7A800124AAE /* Release */ = {
			isa = XCBuildConfiguration;
			buildSettings = {
				OTHER_LDFLAGS = "-ObjC";
				PRODUCT_NAME = "$(TARGET_NAME)";
				SKIP_INSTALL = YES;
			};
			name = Release;
		};
/* End XCBuildConfiguration section */

/* Begin XCConfigurationList section */
		FAAADEAD1CA9C7A800124AAE /* Build configuration list for PBXProject "DroneSynthNative" */ = {
			isa = XCConfigurationList;
			buildConfigurations = (
				FAAADEB91CA9C7A800124AAE /* Debug */,
				FAAADEBA1CA9C7A800124AAE /* Release */,
			);
			defaultConfigurationIsVisible = 0;
			defaultConfigurationName = Release;
		};
		FAAADEBB1CA9C7A800124AAE /* Build configuration list for PBXNativeTarget "DroneSynthNative" */ = {
			isa = XCConfigurationList;
			buildConfigurations = (
				FAAADEBC1CA9C7A800124AAE /* Debug */,
				FAAADEBD1CA9C7A800124AAE /* Release */,
			);
			defaultConfigurationIsVisible = 0;
		};
/* End XCConfigurationList section */
	};
	rootObject = FAAADEAA1CA9C7A800124AAE /* Project object */;
}
